// !$*UTF8*$!
{
	archiveVersion = 1;
	classes = {
	};
	objectVersion = 48;
	objects = {

/* Begin PBXBuildFile section */
		A60F044C20651AAB001AD7D7 /* AppDelegate.swift in Sources */ = {isa = PBXBuildFile; fileRef = A60F044B20651AAB001AD7D7 /* AppDelegate.swift */; };
		A60F044E20651AAB001AD7D7 /* art.scnassets in Resources */ = {isa = PBXBuildFile; fileRef = A60F044D20651AAB001AD7D7 /* art.scnassets */; };
		A60F045020651AAB001AD7D7 /* ViewController.swift in Sources */ = {isa = PBXBuildFile; fileRef = A60F044F20651AAB001AD7D7 /* ViewController.swift */; };
		A60F045320651AAB001AD7D7 /* Main.storyboard in Resources */ = {isa = PBXBuildFile; fileRef = A60F045120651AAB001AD7D7 /* Main.storyboard */; };
		A60F045520651AAB001AD7D7 /* Assets.xcassets in Resources */ = {isa = PBXBuildFile; fileRef = A60F045420651AAB001AD7D7 /* Assets.xcassets */; };
		A60F045820651AAB001AD7D7 /* LaunchScreen.storyboard in Resources */ = {isa = PBXBuildFile; fileRef = A60F045620651AAB001AD7D7 /* LaunchScreen.storyboard */; };
		A60F046320651AAC001AD7D7 /* YerTostikTests.swift in Sources */ = {isa = PBXBuildFile; fileRef = A60F046220651AAC001AD7D7 /* YerTostikTests.swift */; };
		A60F046E20651AAC001AD7D7 /* YerTostikUITests.swift in Sources */ = {isa = PBXBuildFile; fileRef = A60F046D20651AAC001AD7D7 /* YerTostikUITests.swift */; };
/* End PBXBuildFile section */

/* Begin PBXContainerItemProxy section */
		A60F045F20651AAC001AD7D7 /* PBXContainerItemProxy */ = {
			isa = PBXContainerItemProxy;
			containerPortal = A60F044020651AAB001AD7D7 /* Project object */;
			proxyType = 1;
			remoteGlobalIDString = A60F044720651AAB001AD7D7;
			remoteInfo = YerTostik;
		};
		A60F046A20651AAC001AD7D7 /* PBXContainerItemProxy */ = {
			isa = PBXContainerItemProxy;
			containerPortal = A60F044020651AAB001AD7D7 /* Project object */;
			proxyType = 1;
			remoteGlobalIDString = A60F044720651AAB001AD7D7;
			remoteInfo = YerTostik;
		};
/* End PBXContainerItemProxy section */

/* Begin PBXFileReference section */
		A60F044820651AAB001AD7D7 /* YerTostik.app */ = {isa = PBXFileReference; explicitFileType = wrapper.application; includeInIndex = 0; path = YerTostik.app; sourceTree = BUILT_PRODUCTS_DIR; };
		A60F044B20651AAB001AD7D7 /* AppDelegate.swift */ = {isa = PBXFileReference; lastKnownFileType = sourcecode.swift; path = AppDelegate.swift; sourceTree = "<group>"; };
		A60F044D20651AAB001AD7D7 /* art.scnassets */ = {isa = PBXFileReference; lastKnownFileType = wrapper.scnassets; path = art.scnassets; sourceTree = "<group>"; };
		A60F044F20651AAB001AD7D7 /* ViewController.swift */ = {isa = PBXFileReference; lastKnownFileType = sourcecode.swift; path = ViewController.swift; sourceTree = "<group>"; };
		A60F045220651AAB001AD7D7 /* Base */ = {isa = PBXFileReference; lastKnownFileType = file.storyboard; name = Base; path = Base.lproj/Main.storyboard; sourceTree = "<group>"; };
		A60F045420651AAB001AD7D7 /* Assets.xcassets */ = {isa = PBXFileReference; lastKnownFileType = folder.assetcatalog; path = Assets.xcassets; sourceTree = "<group>"; };
		A60F045720651AAB001AD7D7 /* Base */ = {isa = PBXFileReference; lastKnownFileType = file.storyboard; name = Base; path = Base.lproj/LaunchScreen.storyboard; sourceTree = "<group>"; };
		A60F045920651AAB001AD7D7 /* Info.plist */ = {isa = PBXFileReference; lastKnownFileType = text.plist.xml; path = Info.plist; sourceTree = "<group>"; };
		A60F045E20651AAC001AD7D7 /* YerTostikTests.xctest */ = {isa = PBXFileReference; explicitFileType = wrapper.cfbundle; includeInIndex = 0; path = YerTostikTests.xctest; sourceTree = BUILT_PRODUCTS_DIR; };
		A60F046220651AAC001AD7D7 /* YerTostikTests.swift */ = {isa = PBXFileReference; lastKnownFileType = sourcecode.swift; path = YerTostikTests.swift; sourceTree = "<group>"; };
		A60F046420651AAC001AD7D7 /* Info.plist */ = {isa = PBXFileReference; lastKnownFileType = text.plist.xml; path = Info.plist; sourceTree = "<group>"; };
		A60F046920651AAC001AD7D7 /* YerTostikUITests.xctest */ = {isa = PBXFileReference; explicitFileType = wrapper.cfbundle; includeInIndex = 0; path = YerTostikUITests.xctest; sourceTree = BUILT_PRODUCTS_DIR; };
		A60F046D20651AAC001AD7D7 /* YerTostikUITests.swift */ = {isa = PBXFileReference; lastKnownFileType = sourcecode.swift; path = YerTostikUITests.swift; sourceTree = "<group>"; };
		A60F046F20651AAC001AD7D7 /* Info.plist */ = {isa = PBXFileReference; lastKnownFileType = text.plist.xml; path = Info.plist; sourceTree = "<group>"; };
/* End PBXFileReference section */

/* Begin PBXFrameworksBuildPhase section */
		A60F044520651AAB001AD7D7 /* Frameworks */ = {
			isa = PBXFrameworksBuildPhase;
			buildActionMask = 2147483647;
			files = (
			);
			runOnlyForDeploymentPostprocessing = 0;
		};
		A60F045B20651AAC001AD7D7 /* Frameworks */ = {
			isa = PBXFrameworksBuildPhase;
			buildActionMask = 2147483647;
			files = (
			);
			runOnlyForDeploymentPostprocessing = 0;
		};
		A60F046620651AAC001AD7D7 /* Frameworks */ = {
			isa = PBXFrameworksBuildPhase;
			buildActionMask = 2147483647;
			files = (
			);
			runOnlyForDeploymentPostprocessing = 0;
		};
/* End PBXFrameworksBuildPhase section */

/* Begin PBXGroup section */
		A60F043F20651AAB001AD7D7 = {
			isa = PBXGroup;
			children = (
				A60F044A20651AAB001AD7D7 /* YerTostik */,
				A60F046120651AAC001AD7D7 /* YerTostikTests */,
				A60F046C20651AAC001AD7D7 /* YerTostikUITests */,
				A60F044920651AAB001AD7D7 /* Products */,
			);
			sourceTree = "<group>";
		};
		A60F044920651AAB001AD7D7 /* Products */ = {
			isa = PBXGroup;
			children = (
				A60F044820651AAB001AD7D7 /* YerTostik.app */,
				A60F045E20651AAC001AD7D7 /* YerTostikTests.xctest */,
				A60F046920651AAC001AD7D7 /* YerTostikUITests.xctest */,
			);
			name = Products;
			sourceTree = "<group>";
		};
		A60F044A20651AAB001AD7D7 /* YerTostik */ = {
			isa = PBXGroup;
			children = (
				A60F044B20651AAB001AD7D7 /* AppDelegate.swift */,
				A6D2F3BD20651FBE00689D68 /* LaunchScreen */,
				A6D2F3BC20651F9300689D68 /* Resources */,
				A6D2F3B920651F5D00689D68 /* Models */,
				A6D2F3BA20651F6F00689D68 /* Views */,
				A6D2F3BB20651F7600689D68 /* Controllers */,
				A60F045920651AAB001AD7D7 /* Info.plist */,
			);
			path = YerTostik;
			sourceTree = "<group>";
		};
		A60F046120651AAC001AD7D7 /* YerTostikTests */ = {
			isa = PBXGroup;
			children = (
				A60F046220651AAC001AD7D7 /* YerTostikTests.swift */,
				A60F046420651AAC001AD7D7 /* Info.plist */,
			);
			path = YerTostikTests;
			sourceTree = "<group>";
		};
		A60F046C20651AAC001AD7D7 /* YerTostikUITests */ = {
			isa = PBXGroup;
			children = (
				A60F046D20651AAC001AD7D7 /* YerTostikUITests.swift */,
				A60F046F20651AAC001AD7D7 /* Info.plist */,
			);
			path = YerTostikUITests;
			sourceTree = "<group>";
		};
		A6D2F3B920651F5D00689D68 /* Models */ = {
			isa = PBXGroup;
			children = (
			);
			path = Models;
			sourceTree = "<group>";
		};
		A6D2F3BA20651F6F00689D68 /* Views */ = {
			isa = PBXGroup;
			children = (
				A60F045120651AAB001AD7D7 /* Main.storyboard */,
			);
			path = Views;
			sourceTree = "<group>";
		};
		A6D2F3BB20651F7600689D68 /* Controllers */ = {
			isa = PBXGroup;
			children = (
				A60F044F20651AAB001AD7D7 /* ViewController.swift */,
			);
			path = Controllers;
			sourceTree = "<group>";
		};
		A6D2F3BC20651F9300689D68 /* Resources */ = {
			isa = PBXGroup;
			children = (
				A60F045420651AAB001AD7D7 /* Assets.xcassets */,
				A60F044D20651AAB001AD7D7 /* art.scnassets */,
			);
			path = Resources;
			sourceTree = "<group>";
		};
		A6D2F3BD20651FBE00689D68 /* LaunchScreen */ = {
			isa = PBXGroup;
			children = (
				A60F045620651AAB001AD7D7 /* LaunchScreen.storyboard */,
			);
			path = LaunchScreen;
			sourceTree = "<group>";
		};
/* End PBXGroup section */

/* Begin PBXNativeTarget section */
		A60F044720651AAB001AD7D7 /* YerTostik */ = {
			isa = PBXNativeTarget;
			buildConfigurationList = A60F047220651AAC001AD7D7 /* Build configuration list for PBXNativeTarget "YerTostik" */;
			buildPhases = (
				A60F044420651AAB001AD7D7 /* Sources */,
				A60F044520651AAB001AD7D7 /* Frameworks */,
				A60F044620651AAB001AD7D7 /* Resources */,
			);
			buildRules = (
			);
			dependencies = (
			);
			name = YerTostik;
			productName = YerTostik;
			productReference = A60F044820651AAB001AD7D7 /* YerTostik.app */;
			productType = "com.apple.product-type.application";
		};
		A60F045D20651AAC001AD7D7 /* YerTostikTests */ = {
			isa = PBXNativeTarget;
			buildConfigurationList = A60F047520651AAC001AD7D7 /* Build configuration list for PBXNativeTarget "YerTostikTests" */;
			buildPhases = (
				A60F045A20651AAC001AD7D7 /* Sources */,
				A60F045B20651AAC001AD7D7 /* Frameworks */,
				A60F045C20651AAC001AD7D7 /* Resources */,
			);
			buildRules = (
			);
			dependencies = (
				A60F046020651AAC001AD7D7 /* PBXTargetDependency */,
			);
			name = YerTostikTests;
			productName = YerTostikTests;
			productReference = A60F045E20651AAC001AD7D7 /* YerTostikTests.xctest */;
			productType = "com.apple.product-type.bundle.unit-test";
		};
		A60F046820651AAC001AD7D7 /* YerTostikUITests */ = {
			isa = PBXNativeTarget;
			buildConfigurationList = A60F047820651AAC001AD7D7 /* Build configuration list for PBXNativeTarget "YerTostikUITests" */;
			buildPhases = (
				A60F046520651AAC001AD7D7 /* Sources */,
				A60F046620651AAC001AD7D7 /* Frameworks */,
				A60F046720651AAC001AD7D7 /* Resources */,
			);
			buildRules = (
			);
			dependencies = (
				A60F046B20651AAC001AD7D7 /* PBXTargetDependency */,
			);
			name = YerTostikUITests;
			productName = YerTostikUITests;
			productReference = A60F046920651AAC001AD7D7 /* YerTostikUITests.xctest */;
			productType = "com.apple.product-type.bundle.ui-testing";
		};
/* End PBXNativeTarget section */

/* Begin PBXProject section */
		A60F044020651AAB001AD7D7 /* Project object */ = {
			isa = PBXProject;
			attributes = {
				LastSwiftUpdateCheck = 0920;
				LastUpgradeCheck = 0920;
				ORGANIZATIONNAME = "Islam Temirbek";
				TargetAttributes = {
					A60F044720651AAB001AD7D7 = {
						CreatedOnToolsVersion = 9.2;
						ProvisioningStyle = Automatic;
					};
					A60F045D20651AAC001AD7D7 = {
						CreatedOnToolsVersion = 9.2;
						ProvisioningStyle = Automatic;
						TestTargetID = A60F044720651AAB001AD7D7;
					};
					A60F046820651AAC001AD7D7 = {
						CreatedOnToolsVersion = 9.2;
						ProvisioningStyle = Automatic;
						TestTargetID = A60F044720651AAB001AD7D7;
					};
				};
			};
			buildConfigurationList = A60F044320651AAB001AD7D7 /* Build configuration list for PBXProject "YerTostik" */;
			compatibilityVersion = "Xcode 8.0";
			developmentRegion = en;
			hasScannedForEncodings = 0;
			knownRegions = (
				en,
				Base,
			);
			mainGroup = A60F043F20651AAB001AD7D7;
			productRefGroup = A60F044920651AAB001AD7D7 /* Products */;
			projectDirPath = "";
			projectRoot = "";
			targets = (
				A60F044720651AAB001AD7D7 /* YerTostik */,
				A60F045D20651AAC001AD7D7 /* YerTostikTests */,
				A60F046820651AAC001AD7D7 /* YerTostikUITests */,
			);
		};
/* End PBXProject section */

/* Begin PBXResourcesBuildPhase section */
		A60F044620651AAB001AD7D7 /* Resources */ = {
			isa = PBXResourcesBuildPhase;
			buildActionMask = 2147483647;
			files = (
				A60F044E20651AAB001AD7D7 /* art.scnassets in Resources */,
				A60F045820651AAB001AD7D7 /* LaunchScreen.storyboard in Resources */,
				A60F045520651AAB001AD7D7 /* Assets.xcassets in Resources */,
				A60F045320651AAB001AD7D7 /* Main.storyboard in Resources */,
			);
			runOnlyForDeploymentPostprocessing = 0;
		};
		A60F045C20651AAC001AD7D7 /* Resources */ = {
			isa = PBXResourcesBuildPhase;
			buildActionMask = 2147483647;
			files = (
			);
			runOnlyForDeploymentPostprocessing = 0;
		};
		A60F046720651AAC001AD7D7 /* Resources */ = {
			isa = PBXResourcesBuildPhase;
			buildActionMask = 2147483647;
			files = (
			);
			runOnlyForDeploymentPostprocessing = 0;
		};
/* End PBXResourcesBuildPhase section */

/* Begin PBXSourcesBuildPhase section */
		A60F044420651AAB001AD7D7 /* Sources */ = {
			isa = PBXSourcesBuildPhase;
			buildActionMask = 2147483647;
			files = (
				A60F045020651AAB001AD7D7 /* ViewController.swift in Sources */,
				A60F044C20651AAB001AD7D7 /* AppDelegate.swift in Sources */,
			);
			runOnlyForDeploymentPostprocessing = 0;
		};
		A60F045A20651AAC001AD7D7 /* Sources */ = {
			isa = PBXSourcesBuildPhase;
			buildActionMask = 2147483647;
			files = (
				A60F046320651AAC001AD7D7 /* YerTostikTests.swift in Sources */,
			);
			runOnlyForDeploymentPostprocessing = 0;
		};
		A60F046520651AAC001AD7D7 /* Sources */ = {
			isa = PBXSourcesBuildPhase;
			buildActionMask = 2147483647;
			files = (
				A60F046E20651AAC001AD7D7 /* YerTostikUITests.swift in Sources */,
			);
			runOnlyForDeploymentPostprocessing = 0;
		};
/* End PBXSourcesBuildPhase section */

/* Begin PBXTargetDependency section */
		A60F046020651AAC001AD7D7 /* PBXTargetDependency */ = {
			isa = PBXTargetDependency;
			target = A60F044720651AAB001AD7D7 /* YerTostik */;
			targetProxy = A60F045F20651AAC001AD7D7 /* PBXContainerItemProxy */;
		};
		A60F046B20651AAC001AD7D7 /* PBXTargetDependency */ = {
			isa = PBXTargetDependency;
			target = A60F044720651AAB001AD7D7 /* YerTostik */;
			targetProxy = A60F046A20651AAC001AD7D7 /* PBXContainerItemProxy */;
		};
/* End PBXTargetDependency section */

/* Begin PBXVariantGroup section */
		A60F045120651AAB001AD7D7 /* Main.storyboard */ = {
			isa = PBXVariantGroup;
			children = (
				A60F045220651AAB001AD7D7 /* Base */,
			);
			name = Main.storyboard;
			sourceTree = "<group>";
		};
		A60F045620651AAB001AD7D7 /* LaunchScreen.storyboard */ = {
			isa = PBXVariantGroup;
			children = (
				A60F045720651AAB001AD7D7 /* Base */,
			);
			name = LaunchScreen.storyboard;
			sourceTree = "<group>";
		};
/* End PBXVariantGroup section */

/* Begin XCBuildConfiguration section */
		A60F047020651AAC001AD7D7 /* Debug */ = {
			isa = XCBuildConfiguration;
			buildSettings = {
				ALWAYS_SEARCH_USER_PATHS = NO;
				CLANG_ANALYZER_NONNULL = YES;
				CLANG_ANALYZER_NUMBER_OBJECT_CONVERSION = YES_AGGRESSIVE;
				CLANG_CXX_LANGUAGE_STANDARD = "gnu++14";
				CLANG_CXX_LIBRARY = "libc++";
				CLANG_ENABLE_MODULES = YES;
				CLANG_ENABLE_OBJC_ARC = YES;
				CLANG_WARN_BLOCK_CAPTURE_AUTORELEASING = YES;
				CLANG_WARN_BOOL_CONVERSION = YES;
				CLANG_WARN_COMMA = YES;
				CLANG_WARN_CONSTANT_CONVERSION = YES;
				CLANG_WARN_DIRECT_OBJC_ISA_USAGE = YES_ERROR;
				CLANG_WARN_DOCUMENTATION_COMMENTS = YES;
				CLANG_WARN_EMPTY_BODY = YES;
				CLANG_WARN_ENUM_CONVERSION = YES;
				CLANG_WARN_INFINITE_RECURSION = YES;
				CLANG_WARN_INT_CONVERSION = YES;
				CLANG_WARN_NON_LITERAL_NULL_CONVERSION = YES;
				CLANG_WARN_OBJC_LITERAL_CONVERSION = YES;
				CLANG_WARN_OBJC_ROOT_CLASS = YES_ERROR;
				CLANG_WARN_RANGE_LOOP_ANALYSIS = YES;
				CLANG_WARN_STRICT_PROTOTYPES = YES;
				CLANG_WARN_SUSPICIOUS_MOVE = YES;
				CLANG_WARN_UNGUARDED_AVAILABILITY = YES_AGGRESSIVE;
				CLANG_WARN_UNREACHABLE_CODE = YES;
				CLANG_WARN__DUPLICATE_METHOD_MATCH = YES;
				CODE_SIGN_IDENTITY = "iPhone Developer";
				COPY_PHASE_STRIP = NO;
				DEBUG_INFORMATION_FORMAT = dwarf;
				ENABLE_STRICT_OBJC_MSGSEND = YES;
				ENABLE_TESTABILITY = YES;
				GCC_C_LANGUAGE_STANDARD = gnu11;
				GCC_DYNAMIC_NO_PIC = NO;
				GCC_NO_COMMON_BLOCKS = YES;
				GCC_OPTIMIZATION_LEVEL = 0;
				GCC_PREPROCESSOR_DEFINITIONS = (
					"DEBUG=1",
					"$(inherited)",
				);
				GCC_WARN_64_TO_32_BIT_CONVERSION = YES;
				GCC_WARN_ABOUT_RETURN_TYPE = YES_ERROR;
				GCC_WARN_UNDECLARED_SELECTOR = YES;
				GCC_WARN_UNINITIALIZED_AUTOS = YES_AGGRESSIVE;
				GCC_WARN_UNUSED_FUNCTION = YES;
				GCC_WARN_UNUSED_VARIABLE = YES;
				IPHONEOS_DEPLOYMENT_TARGET = 11.2;
				MTL_ENABLE_DEBUG_INFO = YES;
				ONLY_ACTIVE_ARCH = YES;
				SDKROOT = iphoneos;
				SWIFT_ACTIVE_COMPILATION_CONDITIONS = DEBUG;
				SWIFT_OPTIMIZATION_LEVEL = "-Onone";
			};
			name = Debug;
		};
		A60F047120651AAC001AD7D7 /* Release */ = {
			isa = XCBuildConfiguration;
			buildSettings = {
				ALWAYS_SEARCH_USER_PATHS = NO;
				CLANG_ANALYZER_NONNULL = YES;
				CLANG_ANALYZER_NUMBER_OBJECT_CONVERSION = YES_AGGRESSIVE;
				CLANG_CXX_LANGUAGE_STANDARD = "gnu++14";
				CLANG_CXX_LIBRARY = "libc++";
				CLANG_ENABLE_MODULES = YES;
				CLANG_ENABLE_OBJC_ARC = YES;
				CLANG_WARN_BLOCK_CAPTURE_AUTORELEASING = YES;
				CLANG_WARN_BOOL_CONVERSION = YES;
				CLANG_WARN_COMMA = YES;
				CLANG_WARN_CONSTANT_CONVERSION = YES;
				CLANG_WARN_DIRECT_OBJC_ISA_USAGE = YES_ERROR;
				CLANG_WARN_DOCUMENTATION_COMMENTS = YES;
				CLANG_WARN_EMPTY_BODY = YES;
				CLANG_WARN_ENUM_CONVERSION = YES;
				CLANG_WARN_INFINITE_RECURSION = YES;
				CLANG_WARN_INT_CONVERSION = YES;
				CLANG_WARN_NON_LITERAL_NULL_CONVERSION = YES;
				CLANG_WARN_OBJC_LITERAL_CONVERSION = YES;
				CLANG_WARN_OBJC_ROOT_CLASS = YES_ERROR;
				CLANG_WARN_RANGE_LOOP_ANALYSIS = YES;
				CLANG_WARN_STRICT_PROTOTYPES = YES;
				CLANG_WARN_SUSPICIOUS_MOVE = YES;
				CLANG_WARN_UNGUARDED_AVAILABILITY = YES_AGGRESSIVE;
				CLANG_WARN_UNREACHABLE_CODE = YES;
				CLANG_WARN__DUPLICATE_METHOD_MATCH = YES;
				CODE_SIGN_IDENTITY = "iPhone Developer";
				COPY_PHASE_STRIP = NO;
				DEBUG_INFORMATION_FORMAT = "dwarf-with-dsym";
				ENABLE_NS_ASSERTIONS = NO;
				ENABLE_STRICT_OBJC_MSGSEND = YES;
				GCC_C_LANGUAGE_STANDARD = gnu11;
				GCC_NO_COMMON_BLOCKS = YES;
				GCC_WARN_64_TO_32_BIT_CONVERSION = YES;
				GCC_WARN_ABOUT_RETURN_TYPE = YES_ERROR;
				GCC_WARN_UNDECLARED_SELECTOR = YES;
				GCC_WARN_UNINITIALIZED_AUTOS = YES_AGGRESSIVE;
				GCC_WARN_UNUSED_FUNCTION = YES;
				GCC_WARN_UNUSED_VARIABLE = YES;
				IPHONEOS_DEPLOYMENT_TARGET = 11.2;
				MTL_ENABLE_DEBUG_INFO = NO;
				SDKROOT = iphoneos;
				SWIFT_OPTIMIZATION_LEVEL = "-Owholemodule";
				VALIDATE_PRODUCT = YES;
			};
			name = Release;
		};
		A60F047320651AAC001AD7D7 /* Debug */ = {
			isa = XCBuildConfiguration;
			buildSettings = {
				ASSETCATALOG_COMPILER_APPICON_NAME = AppIcon;
				CODE_SIGN_STYLE = Automatic;
				DEVELOPMENT_TEAM = L32S293JKJ;
				INFOPLIST_FILE = YerTostik/Info.plist;
				LD_RUNPATH_SEARCH_PATHS = "$(inherited) @executable_path/Frameworks";
				PRODUCT_BUNDLE_IDENTIFIER = kz.YerTostik;
				PRODUCT_NAME = "$(TARGET_NAME)";
				SWIFT_VERSION = 4.0;
				TARGETED_DEVICE_FAMILY = "1,2";
			};
			name = Debug;
		};
		A60F047420651AAC001AD7D7 /* Release */ = {
			isa = XCBuildConfiguration;
			buildSettings = {
				ASSETCATALOG_COMPILER_APPICON_NAME = AppIcon;
				CODE_SIGN_STYLE = Automatic;
				DEVELOPMENT_TEAM = L32S293JKJ;
				INFOPLIST_FILE = YerTostik/Info.plist;
				LD_RUNPATH_SEARCH_PATHS = "$(inherited) @executable_path/Frameworks";
				PRODUCT_BUNDLE_IDENTIFIER = kz.YerTostik;
				PRODUCT_NAME = "$(TARGET_NAME)";
				SWIFT_VERSION = 4.0;
				TARGETED_DEVICE_FAMILY = "1,2";
			};
			name = Release;
		};
		A60F047620651AAC001AD7D7 /* Debug */ = {
			isa = XCBuildConfiguration;
			buildSettings = {
				ALWAYS_EMBED_SWIFT_STANDARD_LIBRARIES = YES;
				BUNDLE_LOADER = "$(TEST_HOST)";
				CODE_SIGN_STYLE = Automatic;
				DEVELOPMENT_TEAM = L32S293JKJ;
				INFOPLIST_FILE = YerTostikTests/Info.plist;
				LD_RUNPATH_SEARCH_PATHS = "$(inherited) @executable_path/Frameworks @loader_path/Frameworks";
				PRODUCT_BUNDLE_IDENTIFIER = kz.YerTostikTests;
				PRODUCT_NAME = "$(TARGET_NAME)";
				SWIFT_VERSION = 4.0;
				TARGETED_DEVICE_FAMILY = "1,2";
				TEST_HOST = "$(BUILT_PRODUCTS_DIR)/YerTostik.app/YerTostik";
			};
			name = Debug;
		};
		A60F047720651AAC001AD7D7 /* Release */ = {
			isa = XCBuildConfiguration;
			buildSettings = {
				ALWAYS_EMBED_SWIFT_STANDARD_LIBRARIES = YES;
				BUNDLE_LOADER = "$(TEST_HOST)";
				CODE_SIGN_STYLE = Automatic;
				DEVELOPMENT_TEAM = L32S293JKJ;
				INFOPLIST_FILE = YerTostikTests/Info.plist;
				LD_RUNPATH_SEARCH_PATHS = "$(inherited) @executable_path/Frameworks @loader_path/Frameworks";
				PRODUCT_BUNDLE_IDENTIFIER = kz.YerTostikTests;
				PRODUCT_NAME = "$(TARGET_NAME)";
				SWIFT_VERSION = 4.0;
				TARGETED_DEVICE_FAMILY = "1,2";
				TEST_HOST = "$(BUILT_PRODUCTS_DIR)/YerTostik.app/YerTostik";
			};
			name = Release;
		};
		A60F047920651AAC001AD7D7 /* Debug */ = {
			isa = XCBuildConfiguration;
			buildSettings = {
				ALWAYS_EMBED_SWIFT_STANDARD_LIBRARIES = YES;
				CODE_SIGN_STYLE = Automatic;
				DEVELOPMENT_TEAM = L32S293JKJ;
				INFOPLIST_FILE = YerTostikUITests/Info.plist;
				LD_RUNPATH_SEARCH_PATHS = "$(inherited) @executable_path/Frameworks @loader_path/Frameworks";
				PRODUCT_BUNDLE_IDENTIFIER = kz.YerTostikUITests;
				PRODUCT_NAME = "$(TARGET_NAME)";
				SWIFT_VERSION = 4.0;
				TARGETED_DEVICE_FAMILY = "1,2";
				TEST_TARGET_NAME = YerTostik;
			};
			name = Debug;
		};
		A60F047A20651AAC001AD7D7 /* Release */ = {
			isa = XCBuildConfiguration;
			buildSettings = {
				ALWAYS_EMBED_SWIFT_STANDARD_LIBRARIES = YES;
				CODE_SIGN_STYLE = Automatic;
				DEVELOPMENT_TEAM = L32S293JKJ;
				INFOPLIST_FILE = YerTostikUITests/Info.plist;
				LD_RUNPATH_SEARCH_PATHS = "$(inherited) @executable_path/Frameworks @loader_path/Frameworks";
				PRODUCT_BUNDLE_IDENTIFIER = kz.YerTostikUITests;
				PRODUCT_NAME = "$(TARGET_NAME)";
				SWIFT_VERSION = 4.0;
				TARGETED_DEVICE_FAMILY = "1,2";
				TEST_TARGET_NAME = YerTostik;
			};
			name = Release;
		};
/* End XCBuildConfiguration section */

/* Begin XCConfigurationList section */
		A60F044320651AAB001AD7D7 /* Build configuration list for PBXProject "YerTostik" */ = {
			isa = XCConfigurationList;
			buildConfigurations = (
				A60F047020651AAC001AD7D7 /* Debug */,
				A60F047120651AAC001AD7D7 /* Release */,
			);
			defaultConfigurationIsVisible = 0;
			defaultConfigurationName = Release;
		};
		A60F047220651AAC001AD7D7 /* Build configuration list for PBXNativeTarget "YerTostik" */ = {
			isa = XCConfigurationList;
			buildConfigurations = (
				A60F047320651AAC001AD7D7 /* Debug */,
				A60F047420651AAC001AD7D7 /* Release */,
			);
			defaultConfigurationIsVisible = 0;
			defaultConfigurationName = Release;
		};
		A60F047520651AAC001AD7D7 /* Build configuration list for PBXNativeTarget "YerTostikTests" */ = {
			isa = XCConfigurationList;
			buildConfigurations = (
				A60F047620651AAC001AD7D7 /* Debug */,
				A60F047720651AAC001AD7D7 /* Release */,
			);
			defaultConfigurationIsVisible = 0;
			defaultConfigurationName = Release;
		};
		A60F047820651AAC001AD7D7 /* Build configuration list for PBXNativeTarget "YerTostikUITests" */ = {
			isa = XCConfigurationList;
			buildConfigurations = (
				A60F047920651AAC001AD7D7 /* Debug */,
				A60F047A20651AAC001AD7D7 /* Release */,
			);
			defaultConfigurationIsVisible = 0;
			defaultConfigurationName = Release;
		};
/* End XCConfigurationList section */
	};
	rootObject = A60F044020651AAB001AD7D7 /* Project object */;
}
